[[package]]
name = "colorzero"
version = "2.0"
description = "Yet another Python color library"
category = "main"
optional = false
python-versions = "*"

[package.extras]
doc = ["pkginfo", "sphinx", "sphinx-rtd-theme"]
test = ["pytest", "pytest-cov"]

[[package]]
name = "gpiozero"
version = "1.6.2"
description = "A simple interface to GPIO devices with Raspberry Pi."
category = "main"
optional = false
python-versions = "*"

[package.dependencies]
colorzero = "*"

[package.extras]
doc = ["sphinx", "sphinx-rtd-theme"]
test = ["pytest", "coverage", "mock", "rpi.gpio", "pigpio"]

[[package]]
name = "pigpio"
version = "1.78"
description = "Raspberry Pi GPIO module"
category = "main"
optional = false
python-versions = "*"

[[package]]
name = "piir"
version = "0.2.5"
description = "IR remote control for Raspberry Pi"
category = "main"
optional = false
python-versions = ">= 3.6"

[package.dependencies]
pigpio = "*"

[metadata]
lock-version = "1.1"
python-versions = "^3.6"
content-hash = "15a600acf3c7e35eb19059a7c1dc22dcaee19c2fc5437fe34727e6321332f30d"

[metadata.files]
colorzero = []
gpiozero = []
pigpio = []
piir = []
